
Microsoft Visual Studio Solution File, Format Version 12.00
Project("{FAE04EC0-301F-11D3-BF4B-00C04F79EFBC}") = "Patient", "Patient\Patient.csproj", "{72A71383-59FC-4013-B187-D223C94F1182}"
EndProject
Global
	GlobalSection(SolutionConfigurationPlatforms) = preSolution
		Debug|Any CPU = Debug|Any CPU
		Release|Any CPU = Release|Any CPU
	EndGlobalSection
	GlobalSection(ProjectConfigurationPlatforms) = postSolution
		{72A71383-59FC-4013-B187-D223C94F1182}.Debug|Any CPU.ActiveCfg = Debug|Any CPU
		{72A71383-59FC-4013-B187-D223C94F1182}.Debug|Any CPU.Build.0 = Debug|Any CPU
		{72A71383-59FC-4013-B187-D223C94F1182}.Release|Any CPU.ActiveCfg = Release|Any CPU
		{72A71383-59FC-4013-B187-D223C94F1182}.Release|Any CPU.Build.0 = Release|Any CPU
	EndGlobalSection
EndGlobal
